// !$*UTF8*$!
{
	archiveVersion = 1;
	classes = {
	};
	objectVersion = 77;
	objects = {

/* Begin PBXBuildFile section */
		B9A455622CC51C19006AEB89 /* SocketIO in Frameworks */ = {isa = PBXBuildFile; productRef = B9A455612CC51C19006AEB89 /* SocketIO */; };
		B9A455652CC51C4C006AEB89 /* ColorSchemeManager.swift in Sources */ = {isa = PBXBuildFile; fileRef = B9A455642CC51C4C006AEB89 /* ColorSchemeManager.swift */; };
		B9A455672CC5309D006AEB89 /* Font+Extension.swift in Sources */ = {isa = PBXBuildFile; fileRef = B9A455662CC5309D006AEB89 /* Font+Extension.swift */; };
		B9D289202CC51493008543A7 /* Cider_RemoteTests.swift in Sources */ = {isa = PBXBuildFile; fileRef = B9D2891E2CC51493008543A7 /* Cider_RemoteTests.swift */; };
		B9D289242CC51495008543A7 /* Cider_RemoteUITests.swift in Sources */ = {isa = PBXBuildFile; fileRef = B9D289212CC51495008543A7 /* Cider_RemoteUITests.swift */; };
		B9D289252CC51495008543A7 /* Cider_RemoteUITestsLaunchTests.swift in Sources */ = {isa = PBXBuildFile; fileRef = B9D289222CC51495008543A7 /* Cider_RemoteUITestsLaunchTests.swift */; };
		B9D2892E2CC51497008543A7 /* Cider_RemoteApp.swift in Sources */ = {isa = PBXBuildFile; fileRef = B9D2892A2CC51497008543A7 /* Cider_RemoteApp.swift */; };
		B9D2892F2CC51497008543A7 /* ContentView.swift in Sources */ = {isa = PBXBuildFile; fileRef = B9D2892B2CC51497008543A7 /* ContentView.swift */; };
		B9D289302CC51497008543A7 /* MusicPlayerView.swift in Sources */ = {isa = PBXBuildFile; fileRef = B9D2892C2CC51497008543A7 /* MusicPlayerView.swift */; };
		B9D289312CC51497008543A7 /* Preview Assets.xcassets in Resources */ = {isa = PBXBuildFile; fileRef = B9D289262CC51497008543A7 /* Preview Assets.xcassets */; };
		B9D289322CC51497008543A7 /* Assets.xcassets in Resources */ = {isa = PBXBuildFile; fileRef = B9D289282CC51497008543A7 /* Assets.xcassets */; };
		B9D289342CC5169A008543A7 /* SettingsView.swift in Sources */ = {isa = PBXBuildFile; fileRef = B9D289332CC5169A008543A7 /* SettingsView.swift */; };
		B9D289362CC5182D008543A7 /* ListHelper.swift in Sources */ = {isa = PBXBuildFile; fileRef = B9D289352CC5182D008543A7 /* ListHelper.swift */; };
/* End PBXBuildFile section */

/* Begin PBXContainerItemProxy section */
		FA14E3582C7CA1C300904A49 /* PBXContainerItemProxy */ = {
			isa = PBXContainerItemProxy;
			containerPortal = FA14E33F2C7CA1C200904A49 /* Project object */;
			proxyType = 1;
			remoteGlobalIDString = FA14E3462C7CA1C200904A49;
			remoteInfo = "Cider Remote";
		};
		FA14E3622C7CA1C300904A49 /* PBXContainerItemProxy */ = {
			isa = PBXContainerItemProxy;
			containerPortal = FA14E33F2C7CA1C200904A49 /* Project object */;
			proxyType = 1;
			remoteGlobalIDString = FA14E3462C7CA1C200904A49;
			remoteInfo = "Cider Remote";
		};
/* End PBXContainerItemProxy section */

/* Begin PBXFileReference section */
		B9A455642CC51C4C006AEB89 /* ColorSchemeManager.swift */ = {isa = PBXFileReference; lastKnownFileType = sourcecode.swift; path = ColorSchemeManager.swift; sourceTree = "<group>"; };
		B9A455662CC5309D006AEB89 /* Font+Extension.swift */ = {isa = PBXFileReference; lastKnownFileType = sourcecode.swift; path = "Font+Extension.swift"; sourceTree = "<group>"; };
		B9D2891E2CC51493008543A7 /* Cider_RemoteTests.swift */ = {isa = PBXFileReference; lastKnownFileType = sourcecode.swift; path = Cider_RemoteTests.swift; sourceTree = "<group>"; };
		B9D289212CC51495008543A7 /* Cider_RemoteUITests.swift */ = {isa = PBXFileReference; lastKnownFileType = sourcecode.swift; path = Cider_RemoteUITests.swift; sourceTree = "<group>"; };
		B9D289222CC51495008543A7 /* Cider_RemoteUITestsLaunchTests.swift */ = {isa = PBXFileReference; lastKnownFileType = sourcecode.swift; path = Cider_RemoteUITestsLaunchTests.swift; sourceTree = "<group>"; };
		B9D289262CC51497008543A7 /* Preview Assets.xcassets */ = {isa = PBXFileReference; lastKnownFileType = folder.assetcatalog; path = "Preview Assets.xcassets"; sourceTree = "<group>"; };
		B9D289282CC51497008543A7 /* Assets.xcassets */ = {isa = PBXFileReference; lastKnownFileType = folder.assetcatalog; path = Assets.xcassets; sourceTree = "<group>"; };
		B9D289292CC51497008543A7 /* Cider Remote.entitlements */ = {isa = PBXFileReference; lastKnownFileType = text.plist.entitlements; path = "Cider Remote.entitlements"; sourceTree = "<group>"; };
		B9D2892A2CC51497008543A7 /* Cider_RemoteApp.swift */ = {isa = PBXFileReference; lastKnownFileType = sourcecode.swift; path = Cider_RemoteApp.swift; sourceTree = "<group>"; };
		B9D2892B2CC51497008543A7 /* ContentView.swift */ = {isa = PBXFileReference; lastKnownFileType = sourcecode.swift; path = ContentView.swift; sourceTree = "<group>"; };
		B9D2892C2CC51497008543A7 /* MusicPlayerView.swift */ = {isa = PBXFileReference; lastKnownFileType = sourcecode.swift; path = MusicPlayerView.swift; sourceTree = "<group>"; };
		B9D289332CC5169A008543A7 /* SettingsView.swift */ = {isa = PBXFileReference; lastKnownFileType = sourcecode.swift; path = SettingsView.swift; sourceTree = "<group>"; };
		B9D289352CC5182D008543A7 /* ListHelper.swift */ = {isa = PBXFileReference; lastKnownFileType = sourcecode.swift; path = ListHelper.swift; sourceTree = "<group>"; };
		FA14E3472C7CA1C200904A49 /* Cider Remote.app */ = {isa = PBXFileReference; explicitFileType = wrapper.application; includeInIndex = 0; path = "Cider Remote.app"; sourceTree = BUILT_PRODUCTS_DIR; };
		FA14E3572C7CA1C300904A49 /* Cider RemoteTests.xctest */ = {isa = PBXFileReference; explicitFileType = wrapper.cfbundle; includeInIndex = 0; path = "Cider RemoteTests.xctest"; sourceTree = BUILT_PRODUCTS_DIR; };
		FA14E3612C7CA1C300904A49 /* Cider RemoteUITests.xctest */ = {isa = PBXFileReference; explicitFileType = wrapper.cfbundle; includeInIndex = 0; path = "Cider RemoteUITests.xctest"; sourceTree = BUILT_PRODUCTS_DIR; };
/* End PBXFileReference section */

/* Begin PBXFrameworksBuildPhase section */
		FA14E3442C7CA1C200904A49 /* Frameworks */ = {
			isa = PBXFrameworksBuildPhase;
			buildActionMask = 2147483647;
			files = (
				B9A455622CC51C19006AEB89 /* SocketIO in Frameworks */,
			);
			runOnlyForDeploymentPostprocessing = 0;
		};
		FA14E3542C7CA1C300904A49 /* Frameworks */ = {
			isa = PBXFrameworksBuildPhase;
			buildActionMask = 2147483647;
			files = (
			);
			runOnlyForDeploymentPostprocessing = 0;
		};
		FA14E35E2C7CA1C300904A49 /* Frameworks */ = {
			isa = PBXFrameworksBuildPhase;
			buildActionMask = 2147483647;
			files = (
			);
			runOnlyForDeploymentPostprocessing = 0;
		};
/* End PBXFrameworksBuildPhase section */

/* Begin PBXGroup section */
		B9A455632CC51C3E006AEB89 /* Data */ = {
			isa = PBXGroup;
			children = (
				B9A455642CC51C4C006AEB89 /* ColorSchemeManager.swift */,
				B9A455662CC5309D006AEB89 /* Font+Extension.swift */,
			);
			path = Data;
			sourceTree = "<group>";
		};
		B9D2891F2CC51493008543A7 /* Cider RemoteTests */ = {
			isa = PBXGroup;
			children = (
				B9D2891E2CC51493008543A7 /* Cider_RemoteTests.swift */,
			);
			path = "Cider RemoteTests";
			sourceTree = "<group>";
		};
		B9D289232CC51495008543A7 /* Cider RemoteUITests */ = {
			isa = PBXGroup;
			children = (
				B9D289212CC51495008543A7 /* Cider_RemoteUITests.swift */,
				B9D289222CC51495008543A7 /* Cider_RemoteUITestsLaunchTests.swift */,
			);
			path = "Cider RemoteUITests";
			sourceTree = "<group>";
		};
		B9D289272CC51497008543A7 /* Preview Content */ = {
			isa = PBXGroup;
			children = (
				B9D289262CC51497008543A7 /* Preview Assets.xcassets */,
			);
			path = "Preview Content";
			sourceTree = "<group>";
		};
		B9D2892D2CC51497008543A7 /* Cider Remote */ = {
			isa = PBXGroup;
			children = (
				B9A455632CC51C3E006AEB89 /* Data */,
				B9D289292CC51497008543A7 /* Cider Remote.entitlements */,
				B9D2892A2CC51497008543A7 /* Cider_RemoteApp.swift */,
				B9D289382CC5183B008543A7 /* Components */,
				B9D289372CC51836008543A7 /* Views */,
				B9D289272CC51497008543A7 /* Preview Content */,
				B9D289282CC51497008543A7 /* Assets.xcassets */,
			);
			path = "Cider Remote";
			sourceTree = "<group>";
		};
		B9D289372CC51836008543A7 /* Views */ = {
			isa = PBXGroup;
			children = (
				B9D2892B2CC51497008543A7 /* ContentView.swift */,
				B9D2892C2CC51497008543A7 /* MusicPlayerView.swift */,
				B9D289332CC5169A008543A7 /* SettingsView.swift */,
			);
			path = Views;
			sourceTree = "<group>";
		};
		B9D289382CC5183B008543A7 /* Components */ = {
			isa = PBXGroup;
			children = (
				B9D289352CC5182D008543A7 /* ListHelper.swift */,
			);
			path = Components;
			sourceTree = "<group>";
		};
		FA14E33E2C7CA1C200904A49 = {
			isa = PBXGroup;
			children = (
				B9D2892D2CC51497008543A7 /* Cider Remote */,
				B9D2891F2CC51493008543A7 /* Cider RemoteTests */,
				B9D289232CC51495008543A7 /* Cider RemoteUITests */,
				FA14E3482C7CA1C200904A49 /* Products */,
			);
			sourceTree = "<group>";
		};
		FA14E3482C7CA1C200904A49 /* Products */ = {
			isa = PBXGroup;
			children = (
				FA14E3472C7CA1C200904A49 /* Cider Remote.app */,
				FA14E3572C7CA1C300904A49 /* Cider RemoteTests.xctest */,
				FA14E3612C7CA1C300904A49 /* Cider RemoteUITests.xctest */,
			);
			name = Products;
			sourceTree = "<group>";
		};
/* End PBXGroup section */

/* Begin PBXNativeTarget section */
		FA14E3462C7CA1C200904A49 /* Cider Remote */ = {
			isa = PBXNativeTarget;
			buildConfigurationList = FA14E36B2C7CA1C300904A49 /* Build configuration list for PBXNativeTarget "Cider Remote" */;
			buildPhases = (
				FA14E3432C7CA1C200904A49 /* Sources */,
				FA14E3442C7CA1C200904A49 /* Frameworks */,
				FA14E3452C7CA1C200904A49 /* Resources */,
			);
			buildRules = (
			);
			dependencies = (
			);
			name = "Cider Remote";
			packageProductDependencies = (
				B9A455612CC51C19006AEB89 /* SocketIO */,
			);
			productName = "Cider Remote";
			productReference = FA14E3472C7CA1C200904A49 /* Cider Remote.app */;
			productType = "com.apple.product-type.application";
		};
		FA14E3562C7CA1C300904A49 /* Cider RemoteTests */ = {
			isa = PBXNativeTarget;
			buildConfigurationList = FA14E36E2C7CA1C300904A49 /* Build configuration list for PBXNativeTarget "Cider RemoteTests" */;
			buildPhases = (
				FA14E3532C7CA1C300904A49 /* Sources */,
				FA14E3542C7CA1C300904A49 /* Frameworks */,
				FA14E3552C7CA1C300904A49 /* Resources */,
			);
			buildRules = (
			);
			dependencies = (
				FA14E3592C7CA1C300904A49 /* PBXTargetDependency */,
			);
			name = "Cider RemoteTests";
			packageProductDependencies = (
			);
			productName = "Cider RemoteTests";
			productReference = FA14E3572C7CA1C300904A49 /* Cider RemoteTests.xctest */;
			productType = "com.apple.product-type.bundle.unit-test";
		};
		FA14E3602C7CA1C300904A49 /* Cider RemoteUITests */ = {
			isa = PBXNativeTarget;
			buildConfigurationList = FA14E3712C7CA1C300904A49 /* Build configuration list for PBXNativeTarget "Cider RemoteUITests" */;
			buildPhases = (
				FA14E35D2C7CA1C300904A49 /* Sources */,
				FA14E35E2C7CA1C300904A49 /* Frameworks */,
				FA14E35F2C7CA1C300904A49 /* Resources */,
			);
			buildRules = (
			);
			dependencies = (
				FA14E3632C7CA1C300904A49 /* PBXTargetDependency */,
			);
			name = "Cider RemoteUITests";
			packageProductDependencies = (
			);
			productName = "Cider RemoteUITests";
			productReference = FA14E3612C7CA1C300904A49 /* Cider RemoteUITests.xctest */;
			productType = "com.apple.product-type.bundle.ui-testing";
		};
/* End PBXNativeTarget section */

/* Begin PBXProject section */
		FA14E33F2C7CA1C200904A49 /* Project object */ = {
			isa = PBXProject;
			attributes = {
				BuildIndependentTargetsInParallel = 1;
				LastSwiftUpdateCheck = 1600;
				LastUpgradeCheck = 1600;
				TargetAttributes = {
					FA14E3462C7CA1C200904A49 = {
						CreatedOnToolsVersion = 16.0;
					};
					FA14E3562C7CA1C300904A49 = {
						CreatedOnToolsVersion = 16.0;
						TestTargetID = FA14E3462C7CA1C200904A49;
					};
					FA14E3602C7CA1C300904A49 = {
						CreatedOnToolsVersion = 16.0;
						TestTargetID = FA14E3462C7CA1C200904A49;
					};
				};
			};
			buildConfigurationList = FA14E3422C7CA1C200904A49 /* Build configuration list for PBXProject "Cider Remote" */;
			developmentRegion = en;
			hasScannedForEncodings = 0;
			knownRegions = (
				en,
				Base,
			);
			mainGroup = FA14E33E2C7CA1C200904A49;
			minimizedProjectReferenceProxies = 1;
			packageReferences = (
				B9FC584E2CC51B110063D6D8 /* XCRemoteSwiftPackageReference "Starscream" */,
				B9A455602CC51C19006AEB89 /* XCRemoteSwiftPackageReference "socket" */,
			);
			preferredProjectObjectVersion = 77;
			productRefGroup = FA14E3482C7CA1C200904A49 /* Products */;
			projectDirPath = "";
			projectRoot = "";
			targets = (
				FA14E3462C7CA1C200904A49 /* Cider Remote */,
				FA14E3562C7CA1C300904A49 /* Cider RemoteTests */,
				FA14E3602C7CA1C300904A49 /* Cider RemoteUITests */,
			);
		};
/* End PBXProject section */

/* Begin PBXResourcesBuildPhase section */
		FA14E3452C7CA1C200904A49 /* Resources */ = {
			isa = PBXResourcesBuildPhase;
			buildActionMask = 2147483647;
			files = (
				B9D289312CC51497008543A7 /* Preview Assets.xcassets in Resources */,
				B9D289322CC51497008543A7 /* Assets.xcassets in Resources */,
			);
			runOnlyForDeploymentPostprocessing = 0;
		};
		FA14E3552C7CA1C300904A49 /* Resources */ = {
			isa = PBXResourcesBuildPhase;
			buildActionMask = 2147483647;
			files = (
			);
			runOnlyForDeploymentPostprocessing = 0;
		};
		FA14E35F2C7CA1C300904A49 /* Resources */ = {
			isa = PBXResourcesBuildPhase;
			buildActionMask = 2147483647;
			files = (
			);
			runOnlyForDeploymentPostprocessing = 0;
		};
/* End PBXResourcesBuildPhase section */

/* Begin PBXSourcesBuildPhase section */
		FA14E3432C7CA1C200904A49 /* Sources */ = {
			isa = PBXSourcesBuildPhase;
			buildActionMask = 2147483647;
			files = (
				B9A455652CC51C4C006AEB89 /* ColorSchemeManager.swift in Sources */,
				B9D289362CC5182D008543A7 /* ListHelper.swift in Sources */,
				B9D2892E2CC51497008543A7 /* Cider_RemoteApp.swift in Sources */,
				B9D289342CC5169A008543A7 /* SettingsView.swift in Sources */,
				B9D2892F2CC51497008543A7 /* ContentView.swift in Sources */,
				B9A455672CC5309D006AEB89 /* Font+Extension.swift in Sources */,
				B9D289302CC51497008543A7 /* MusicPlayerView.swift in Sources */,
			);
			runOnlyForDeploymentPostprocessing = 0;
		};
		FA14E3532C7CA1C300904A49 /* Sources */ = {
			isa = PBXSourcesBuildPhase;
			buildActionMask = 2147483647;
			files = (
				B9D289202CC51493008543A7 /* Cider_RemoteTests.swift in Sources */,
			);
			runOnlyForDeploymentPostprocessing = 0;
		};
		FA14E35D2C7CA1C300904A49 /* Sources */ = {
			isa = PBXSourcesBuildPhase;
			buildActionMask = 2147483647;
			files = (
				B9D289242CC51495008543A7 /* Cider_RemoteUITests.swift in Sources */,
				B9D289252CC51495008543A7 /* Cider_RemoteUITestsLaunchTests.swift in Sources */,
			);
			runOnlyForDeploymentPostprocessing = 0;
		};
/* End PBXSourcesBuildPhase section */

/* Begin PBXTargetDependency section */
		FA14E3592C7CA1C300904A49 /* PBXTargetDependency */ = {
			isa = PBXTargetDependency;
			target = FA14E3462C7CA1C200904A49 /* Cider Remote */;
			targetProxy = FA14E3582C7CA1C300904A49 /* PBXContainerItemProxy */;
		};
		FA14E3632C7CA1C300904A49 /* PBXTargetDependency */ = {
			isa = PBXTargetDependency;
			target = FA14E3462C7CA1C200904A49 /* Cider Remote */;
			targetProxy = FA14E3622C7CA1C300904A49 /* PBXContainerItemProxy */;
		};
/* End PBXTargetDependency section */

/* Begin XCBuildConfiguration section */
		FA14E3692C7CA1C300904A49 /* Debug */ = {
			isa = XCBuildConfiguration;
			buildSettings = {
				ALWAYS_SEARCH_USER_PATHS = NO;
				ASSETCATALOG_COMPILER_GENERATE_SWIFT_ASSET_SYMBOL_EXTENSIONS = YES;
				CLANG_ANALYZER_NONNULL = YES;
				CLANG_ANALYZER_NUMBER_OBJECT_CONVERSION = YES_AGGRESSIVE;
				CLANG_CXX_LANGUAGE_STANDARD = "gnu++20";
				CLANG_ENABLE_MODULES = YES;
				CLANG_ENABLE_OBJC_ARC = YES;
				CLANG_ENABLE_OBJC_WEAK = YES;
				CLANG_WARN_BLOCK_CAPTURE_AUTORELEASING = YES;
				CLANG_WARN_BOOL_CONVERSION = YES;
				CLANG_WARN_COMMA = YES;
				CLANG_WARN_CONSTANT_CONVERSION = YES;
				CLANG_WARN_DEPRECATED_OBJC_IMPLEMENTATIONS = YES;
				CLANG_WARN_DIRECT_OBJC_ISA_USAGE = YES_ERROR;
				CLANG_WARN_DOCUMENTATION_COMMENTS = YES;
				CLANG_WARN_EMPTY_BODY = YES;
				CLANG_WARN_ENUM_CONVERSION = YES;
				CLANG_WARN_INFINITE_RECURSION = YES;
				CLANG_WARN_INT_CONVERSION = YES;
				CLANG_WARN_NON_LITERAL_NULL_CONVERSION = YES;
				CLANG_WARN_OBJC_IMPLICIT_RETAIN_SELF = YES;
				CLANG_WARN_OBJC_LITERAL_CONVERSION = YES;
				CLANG_WARN_OBJC_ROOT_CLASS = YES_ERROR;
				CLANG_WARN_QUOTED_INCLUDE_IN_FRAMEWORK_HEADER = YES;
				CLANG_WARN_RANGE_LOOP_ANALYSIS = YES;
				CLANG_WARN_STRICT_PROTOTYPES = YES;
				CLANG_WARN_SUSPICIOUS_MOVE = YES;
				CLANG_WARN_UNGUARDED_AVAILABILITY = YES_AGGRESSIVE;
				CLANG_WARN_UNREACHABLE_CODE = YES;
				CLANG_WARN__DUPLICATE_METHOD_MATCH = YES;
				COPY_PHASE_STRIP = NO;
				DEBUG_INFORMATION_FORMAT = dwarf;
				ENABLE_STRICT_OBJC_MSGSEND = YES;
				ENABLE_TESTABILITY = YES;
				ENABLE_USER_SCRIPT_SANDBOXING = YES;
				GCC_C_LANGUAGE_STANDARD = gnu17;
				GCC_DYNAMIC_NO_PIC = NO;
				GCC_NO_COMMON_BLOCKS = YES;
				GCC_OPTIMIZATION_LEVEL = 0;
				GCC_PREPROCESSOR_DEFINITIONS = (
					"DEBUG=1",
					"$(inherited)",
				);
				GCC_WARN_64_TO_32_BIT_CONVERSION = YES;
				GCC_WARN_ABOUT_RETURN_TYPE = YES_ERROR;
				GCC_WARN_UNDECLARED_SELECTOR = YES;
				GCC_WARN_UNINITIALIZED_AUTOS = YES_AGGRESSIVE;
				GCC_WARN_UNUSED_FUNCTION = YES;
				GCC_WARN_UNUSED_VARIABLE = YES;
				IPHONEOS_DEPLOYMENT_TARGET = 18.0;
				LOCALIZATION_PREFERS_STRING_CATALOGS = YES;
				MTL_ENABLE_DEBUG_INFO = INCLUDE_SOURCE;
				MTL_FAST_MATH = YES;
				ONLY_ACTIVE_ARCH = YES;
				SDKROOT = iphoneos;
				SWIFT_ACTIVE_COMPILATION_CONDITIONS = "DEBUG $(inherited)";
				SWIFT_OPTIMIZATION_LEVEL = "-Onone";
			};
			name = Debug;
		};
		FA14E36A2C7CA1C300904A49 /* Release */ = {
			isa = XCBuildConfiguration;
			buildSettings = {
				ALWAYS_SEARCH_USER_PATHS = NO;
				ASSETCATALOG_COMPILER_GENERATE_SWIFT_ASSET_SYMBOL_EXTENSIONS = YES;
				CLANG_ANALYZER_NONNULL = YES;
				CLANG_ANALYZER_NUMBER_OBJECT_CONVERSION = YES_AGGRESSIVE;
				CLANG_CXX_LANGUAGE_STANDARD = "gnu++20";
				CLANG_ENABLE_MODULES = YES;
				CLANG_ENABLE_OBJC_ARC = YES;
				CLANG_ENABLE_OBJC_WEAK = YES;
				CLANG_WARN_BLOCK_CAPTURE_AUTORELEASING = YES;
				CLANG_WARN_BOOL_CONVERSION = YES;
				CLANG_WARN_COMMA = YES;
				CLANG_WARN_CONSTANT_CONVERSION = YES;
				CLANG_WARN_DEPRECATED_OBJC_IMPLEMENTATIONS = YES;
				CLANG_WARN_DIRECT_OBJC_ISA_USAGE = YES_ERROR;
				CLANG_WARN_DOCUMENTATION_COMMENTS = YES;
				CLANG_WARN_EMPTY_BODY = YES;
				CLANG_WARN_ENUM_CONVERSION = YES;
				CLANG_WARN_INFINITE_RECURSION = YES;
				CLANG_WARN_INT_CONVERSION = YES;
				CLANG_WARN_NON_LITERAL_NULL_CONVERSION = YES;
				CLANG_WARN_OBJC_IMPLICIT_RETAIN_SELF = YES;
				CLANG_WARN_OBJC_LITERAL_CONVERSION = YES;
				CLANG_WARN_OBJC_ROOT_CLASS = YES_ERROR;
				CLANG_WARN_QUOTED_INCLUDE_IN_FRAMEWORK_HEADER = YES;
				CLANG_WARN_RANGE_LOOP_ANALYSIS = YES;
				CLANG_WARN_STRICT_PROTOTYPES = YES;
				CLANG_WARN_SUSPICIOUS_MOVE = YES;
				CLANG_WARN_UNGUARDED_AVAILABILITY = YES_AGGRESSIVE;
				CLANG_WARN_UNREACHABLE_CODE = YES;
				CLANG_WARN__DUPLICATE_METHOD_MATCH = YES;
				COPY_PHASE_STRIP = NO;
				DEBUG_INFORMATION_FORMAT = "dwarf-with-dsym";
				ENABLE_NS_ASSERTIONS = NO;
				ENABLE_STRICT_OBJC_MSGSEND = YES;
				ENABLE_USER_SCRIPT_SANDBOXING = YES;
				GCC_C_LANGUAGE_STANDARD = gnu17;
				GCC_NO_COMMON_BLOCKS = YES;
				GCC_WARN_64_TO_32_BIT_CONVERSION = YES;
				GCC_WARN_ABOUT_RETURN_TYPE = YES_ERROR;
				GCC_WARN_UNDECLARED_SELECTOR = YES;
				GCC_WARN_UNINITIALIZED_AUTOS = YES_AGGRESSIVE;
				GCC_WARN_UNUSED_FUNCTION = YES;
				GCC_WARN_UNUSED_VARIABLE = YES;
				IPHONEOS_DEPLOYMENT_TARGET = 18.0;
				LOCALIZATION_PREFERS_STRING_CATALOGS = YES;
				MTL_ENABLE_DEBUG_INFO = NO;
				MTL_FAST_MATH = YES;
				SDKROOT = iphoneos;
				SWIFT_COMPILATION_MODE = wholemodule;
				VALIDATE_PRODUCT = YES;
			};
			name = Release;
		};
		FA14E36C2C7CA1C300904A49 /* Debug */ = {
			isa = XCBuildConfiguration;
			buildSettings = {
				ASSETCATALOG_COMPILER_APPICON_NAME = AppIcon;
				ASSETCATALOG_COMPILER_GLOBAL_ACCENT_COLOR_NAME = AccentColor;
				CODE_SIGN_ENTITLEMENTS = "Cider Remote/Cider Remote.entitlements";
				CODE_SIGN_STYLE = Automatic;
				CURRENT_PROJECT_VERSION = 1;
				DEVELOPMENT_ASSET_PATHS = "\"Cider Remote/Preview Content\"";
				DEVELOPMENT_TEAM = HB5P3BML86;
				ENABLE_PREVIEWS = YES;
				GENERATE_INFOPLIST_FILE = YES;
				INFOPLIST_FILE = "Cider-Remote-Info.plist";
				INFOPLIST_KEY_LSApplicationCategoryType = "public.app-category.utilities";
				INFOPLIST_KEY_NSCameraUsageDescription = "We need to access your camera to scan QR codes.";
				INFOPLIST_KEY_NSLocalNetworkUsageDescription = "We need to access your local network to access Cider clients.";
				INFOPLIST_KEY_UIApplicationSceneManifest_Generation = YES;
				INFOPLIST_KEY_UIApplicationSupportsIndirectInputEvents = YES;
				INFOPLIST_KEY_UILaunchScreen_Generation = YES;
				INFOPLIST_KEY_UIRequiresFullScreen = YES;
				INFOPLIST_KEY_UISupportedInterfaceOrientations = UIInterfaceOrientationPortrait;
				IPHONEOS_DEPLOYMENT_TARGET = 16.1;
				LD_RUNPATH_SEARCH_PATHS = (
					"$(inherited)",
					"@executable_path/Frameworks",
				);
				MARKETING_VERSION = 1.0;
				PRODUCT_BUNDLE_IDENTIFIER = "sh.cidercollective.Cider-Remote";
				PRODUCT_NAME = "$(TARGET_NAME)";
				SUPPORTED_PLATFORMS = "iphoneos iphonesimulator";
				SUPPORTS_MACCATALYST = NO;
				SUPPORTS_MAC_DESIGNED_FOR_IPHONE_IPAD = NO;
				SUPPORTS_XR_DESIGNED_FOR_IPHONE_IPAD = NO;
				SWIFT_EMIT_LOC_STRINGS = YES;
				SWIFT_VERSION = 5.0;
				TARGETED_DEVICE_FAMILY = "1,2";
			};
			name = Debug;
		};
		FA14E36D2C7CA1C300904A49 /* Release */ = {
			isa = XCBuildConfiguration;
			buildSettings = {
				ASSETCATALOG_COMPILER_APPICON_NAME = AppIcon;
				ASSETCATALOG_COMPILER_GLOBAL_ACCENT_COLOR_NAME = AccentColor;
				CODE_SIGN_ENTITLEMENTS = "Cider Remote/Cider Remote.entitlements";
				CODE_SIGN_STYLE = Automatic;
				CURRENT_PROJECT_VERSION = 1;
				DEVELOPMENT_ASSET_PATHS = "\"Cider Remote/Preview Content\"";
				DEVELOPMENT_TEAM = HB5P3BML86;
				ENABLE_PREVIEWS = YES;
				GENERATE_INFOPLIST_FILE = YES;
				INFOPLIST_FILE = "Cider-Remote-Info.plist";
				INFOPLIST_KEY_LSApplicationCategoryType = "public.app-category.utilities";
				INFOPLIST_KEY_NSCameraUsageDescription = "We need to access your camera to scan QR codes.";
				INFOPLIST_KEY_NSLocalNetworkUsageDescription = "We need to access your local network to access Cider clients.";
				INFOPLIST_KEY_UIApplicationSceneManifest_Generation = YES;
				INFOPLIST_KEY_UIApplicationSupportsIndirectInputEvents = YES;
				INFOPLIST_KEY_UILaunchScreen_Generation = YES;
				INFOPLIST_KEY_UIRequiresFullScreen = YES;
				INFOPLIST_KEY_UISupportedInterfaceOrientations = UIInterfaceOrientationPortrait;
				IPHONEOS_DEPLOYMENT_TARGET = 16.1;
				LD_RUNPATH_SEARCH_PATHS = (
					"$(inherited)",
					"@executable_path/Frameworks",
				);
				MARKETING_VERSION = 1.0;
				PRODUCT_BUNDLE_IDENTIFIER = "sh.cidercollective.Cider-Remote";
				PRODUCT_NAME = "$(TARGET_NAME)";
				SUPPORTED_PLATFORMS = "iphoneos iphonesimulator";
				SUPPORTS_MACCATALYST = NO;
				SUPPORTS_MAC_DESIGNED_FOR_IPHONE_IPAD = NO;
				SUPPORTS_XR_DESIGNED_FOR_IPHONE_IPAD = NO;
				SWIFT_EMIT_LOC_STRINGS = YES;
				SWIFT_VERSION = 5.0;
				TARGETED_DEVICE_FAMILY = "1,2";
			};
			name = Release;
		};
		FA14E36F2C7CA1C300904A49 /* Debug */ = {
			isa = XCBuildConfiguration;
			buildSettings = {
				BUNDLE_LOADER = "$(TEST_HOST)";
				CODE_SIGN_STYLE = Automatic;
				CURRENT_PROJECT_VERSION = 1;
				DEVELOPMENT_TEAM = 8R23J2835D;
				GENERATE_INFOPLIST_FILE = YES;
				IPHONEOS_DEPLOYMENT_TARGET = 18.0;
				MARKETING_VERSION = 1.0;
				PRODUCT_BUNDLE_IDENTIFIER = "sh.cidercollective.Cider-RemoteTests";
				PRODUCT_NAME = "$(TARGET_NAME)";
				SWIFT_EMIT_LOC_STRINGS = NO;
				SWIFT_VERSION = 5.0;
				TARGETED_DEVICE_FAMILY = "1,2";
				TEST_HOST = "$(BUILT_PRODUCTS_DIR)/Cider Remote.app/$(BUNDLE_EXECUTABLE_FOLDER_PATH)/Cider Remote";
			};
			name = Debug;
		};
		FA14E3702C7CA1C300904A49 /* Release */ = {
			isa = XCBuildConfiguration;
			buildSettings = {
				BUNDLE_LOADER = "$(TEST_HOST)";
				CODE_SIGN_STYLE = Automatic;
				CURRENT_PROJECT_VERSION = 1;
				DEVELOPMENT_TEAM = 8R23J2835D;
				GENERATE_INFOPLIST_FILE = YES;
				IPHONEOS_DEPLOYMENT_TARGET = 18.0;
				MARKETING_VERSION = 1.0;
				PRODUCT_BUNDLE_IDENTIFIER = "sh.cidercollective.Cider-RemoteTests";
				PRODUCT_NAME = "$(TARGET_NAME)";
				SWIFT_EMIT_LOC_STRINGS = NO;
				SWIFT_VERSION = 5.0;
				TARGETED_DEVICE_FAMILY = "1,2";
				TEST_HOST = "$(BUILT_PRODUCTS_DIR)/Cider Remote.app/$(BUNDLE_EXECUTABLE_FOLDER_PATH)/Cider Remote";
			};
			name = Release;
		};
		FA14E3722C7CA1C300904A49 /* Debug */ = {
			isa = XCBuildConfiguration;
			buildSettings = {
				CODE_SIGN_STYLE = Automatic;
				CURRENT_PROJECT_VERSION = 1;
				DEVELOPMENT_TEAM = 8R23J2835D;
				GENERATE_INFOPLIST_FILE = YES;
				MARKETING_VERSION = 1.0;
				PRODUCT_BUNDLE_IDENTIFIER = "sh.cidercollective.Cider-RemoteUITests";
				PRODUCT_NAME = "$(TARGET_NAME)";
				SWIFT_EMIT_LOC_STRINGS = NO;
				SWIFT_VERSION = 5.0;
				TARGETED_DEVICE_FAMILY = "1,2";
				TEST_TARGET_NAME = "Cider Remote";
			};
			name = Debug;
		};
		FA14E3732C7CA1C300904A49 /* Release */ = {
			isa = XCBuildConfiguration;
			buildSettings = {
				CODE_SIGN_STYLE = Automatic;
				CURRENT_PROJECT_VERSION = 1;
				DEVELOPMENT_TEAM = 8R23J2835D;
				GENERATE_INFOPLIST_FILE = YES;
				MARKETING_VERSION = 1.0;
				PRODUCT_BUNDLE_IDENTIFIER = "sh.cidercollective.Cider-RemoteUITests";
				PRODUCT_NAME = "$(TARGET_NAME)";
				SWIFT_EMIT_LOC_STRINGS = NO;
				SWIFT_VERSION = 5.0;
				TARGETED_DEVICE_FAMILY = "1,2";
				TEST_TARGET_NAME = "Cider Remote";
			};
			name = Release;
		};
/* End XCBuildConfiguration section */

/* Begin XCConfigurationList section */
		FA14E3422C7CA1C200904A49 /* Build configuration list for PBXProject "Cider Remote" */ = {
			isa = XCConfigurationList;
			buildConfigurations = (
				FA14E3692C7CA1C300904A49 /* Debug */,
				FA14E36A2C7CA1C300904A49 /* Release */,
			);
			defaultConfigurationIsVisible = 0;
			defaultConfigurationName = Release;
		};
		FA14E36B2C7CA1C300904A49 /* Build configuration list for PBXNativeTarget "Cider Remote" */ = {
			isa = XCConfigurationList;
			buildConfigurations = (
				FA14E36C2C7CA1C300904A49 /* Debug */,
				FA14E36D2C7CA1C300904A49 /* Release */,
			);
			defaultConfigurationIsVisible = 0;
			defaultConfigurationName = Release;
		};
		FA14E36E2C7CA1C300904A49 /* Build configuration list for PBXNativeTarget "Cider RemoteTests" */ = {
			isa = XCConfigurationList;
			buildConfigurations = (
				FA14E36F2C7CA1C300904A49 /* Debug */,
				FA14E3702C7CA1C300904A49 /* Release */,
			);
			defaultConfigurationIsVisible = 0;
			defaultConfigurationName = Release;
		};
		FA14E3712C7CA1C300904A49 /* Build configuration list for PBXNativeTarget "Cider RemoteUITests" */ = {
			isa = XCConfigurationList;
			buildConfigurations = (
				FA14E3722C7CA1C300904A49 /* Debug */,
				FA14E3732C7CA1C300904A49 /* Release */,
			);
			defaultConfigurationIsVisible = 0;
			defaultConfigurationName = Release;
		};
/* End XCConfigurationList section */

/* Begin XCRemoteSwiftPackageReference section */
		B9A455602CC51C19006AEB89 /* XCRemoteSwiftPackageReference "socket" */ = {
			isa = XCRemoteSwiftPackageReference;
			repositoryURL = "https://github.com/socketio/socket.io-client-swift";
			requirement = {
				branch = master;
				kind = branch;
			};
		};
		B9FC584E2CC51B110063D6D8 /* XCRemoteSwiftPackageReference "Starscream" */ = {
			isa = XCRemoteSwiftPackageReference;
			repositoryURL = "https://github.com/daltoniam/Starscream";
			requirement = {
				kind = upToNextMajorVersion;
				minimumVersion = 4.0.8;
			};
		};
/* End XCRemoteSwiftPackageReference section */

/* Begin XCSwiftPackageProductDependency section */
		B9A455612CC51C19006AEB89 /* SocketIO */ = {
			isa = XCSwiftPackageProductDependency;
			package = B9A455602CC51C19006AEB89 /* XCRemoteSwiftPackageReference "socket" */;
			productName = SocketIO;
		};
/* End XCSwiftPackageProductDependency section */
	};
	rootObject = FA14E33F2C7CA1C200904A49 /* Project object */;
}
