// !$*UTF8*$!
{
	archiveVersion = 1;
	classes = {
	};
	objectVersion = 77;
	objects = {

/* Begin PBXBuildFile section */
		B9A455622CC51C19006AEB89 /* SocketIO in Frameworks */ = {isa = PBXBuildFile; productRef = B9A455612CC51C19006AEB89 /* SocketIO */; };
		B9CDA83D2CC686AA00FBF580 /* WidgetKit.framework in Frameworks */ = {isa = PBXBuildFile; fileRef = B9CDA83C2CC686AA00FBF580 /* WidgetKit.framework */; };
		B9CDA83F2CC686AA00FBF580 /* SwiftUI.framework in Frameworks */ = {isa = PBXBuildFile; fileRef = B9CDA83E2CC686AA00FBF580 /* SwiftUI.framework */; };
		B9CDA84C2CC686AC00FBF580 /* NowPlayingExtension.appex in Embed Foundation Extensions */ = {isa = PBXBuildFile; fileRef = B9CDA83A2CC686AA00FBF580 /* NowPlayingExtension.appex */; settings = {ATTRIBUTES = (RemoveHeadersOnCopy, ); }; };
		B9CDA87B2CC6905C00FBF580 /* SocketIO in Frameworks */ = {isa = PBXBuildFile; productRef = B9CDA87A2CC6905C00FBF580 /* SocketIO */; };
		B9CDA87D2CC69A7300FBF580 /* AppDelegate.swift in Sources */ = {isa = PBXBuildFile; fileRef = B9CDA87C2CC69A7300FBF580 /* AppDelegate.swift */; };
		B9D2892E2CC51497008543A7 /* Cider_RemoteApp.swift in Sources */ = {isa = PBXBuildFile; fileRef = B9D2892A2CC51497008543A7 /* Cider_RemoteApp.swift */; };
		B9D289322CC51497008543A7 /* Assets.xcassets in Resources */ = {isa = PBXBuildFile; fileRef = B9D289282CC51497008543A7 /* Assets.xcassets */; };
/* End PBXBuildFile section */

/* Begin PBXContainerItemProxy section */
		B9CDA84A2CC686AC00FBF580 /* PBXContainerItemProxy */ = {
			isa = PBXContainerItemProxy;
			containerPortal = FA14E33F2C7CA1C200904A49 /* Project object */;
			proxyType = 1;
			remoteGlobalIDString = B9CDA8392CC686AA00FBF580;
			remoteInfo = NowPlayingExtension;
		};
		FA14E3582C7CA1C300904A49 /* PBXContainerItemProxy */ = {
			isa = PBXContainerItemProxy;
			containerPortal = FA14E33F2C7CA1C200904A49 /* Project object */;
			proxyType = 1;
			remoteGlobalIDString = FA14E3462C7CA1C200904A49;
			remoteInfo = "Cider Remote";
		};
		FA14E3622C7CA1C300904A49 /* PBXContainerItemProxy */ = {
			isa = PBXContainerItemProxy;
			containerPortal = FA14E33F2C7CA1C200904A49 /* Project object */;
			proxyType = 1;
			remoteGlobalIDString = FA14E3462C7CA1C200904A49;
			remoteInfo = "Cider Remote";
		};
/* End PBXContainerItemProxy section */

/* Begin PBXCopyFilesBuildPhase section */
		B9CDA8512CC686AC00FBF580 /* Embed Foundation Extensions */ = {
			isa = PBXCopyFilesBuildPhase;
			buildActionMask = 2147483647;
			dstPath = "";
			dstSubfolderSpec = 13;
			files = (
				B9CDA84C2CC686AC00FBF580 /* NowPlayingExtension.appex in Embed Foundation Extensions */,
			);
			name = "Embed Foundation Extensions";
			runOnlyForDeploymentPostprocessing = 0;
		};
		B9E7D9F22D0125B900840996 /* Embed ExtensionKit Extensions */ = {
			isa = PBXCopyFilesBuildPhase;
			buildActionMask = 2147483647;
			dstPath = "$(EXTENSIONS_FOLDER_PATH)";
			dstSubfolderSpec = 16;
			files = (
			);
			name = "Embed ExtensionKit Extensions";
			runOnlyForDeploymentPostprocessing = 0;
		};
/* End PBXCopyFilesBuildPhase section */

/* Begin PBXFileReference section */
		B9CDA83A2CC686AA00FBF580 /* NowPlayingExtension.appex */ = {isa = PBXFileReference; explicitFileType = "wrapper.app-extension"; includeInIndex = 0; path = NowPlayingExtension.appex; sourceTree = BUILT_PRODUCTS_DIR; };
		B9CDA83C2CC686AA00FBF580 /* WidgetKit.framework */ = {isa = PBXFileReference; lastKnownFileType = wrapper.framework; name = WidgetKit.framework; path = System/Library/Frameworks/WidgetKit.framework; sourceTree = SDKROOT; };
		B9CDA83E2CC686AA00FBF580 /* SwiftUI.framework */ = {isa = PBXFileReference; lastKnownFileType = wrapper.framework; name = SwiftUI.framework; path = System/Library/Frameworks/SwiftUI.framework; sourceTree = SDKROOT; };
		B9CDA87C2CC69A7300FBF580 /* AppDelegate.swift */ = {isa = PBXFileReference; lastKnownFileType = sourcecode.swift; path = AppDelegate.swift; sourceTree = "<group>"; };
		B9D289282CC51497008543A7 /* Assets.xcassets */ = {isa = PBXFileReference; lastKnownFileType = folder.assetcatalog; path = Assets.xcassets; sourceTree = "<group>"; };
		B9D289292CC51497008543A7 /* Cider Remote.entitlements */ = {isa = PBXFileReference; lastKnownFileType = text.plist.entitlements; path = "Cider Remote.entitlements"; sourceTree = "<group>"; };
		B9D2892A2CC51497008543A7 /* Cider_RemoteApp.swift */ = {isa = PBXFileReference; lastKnownFileType = sourcecode.swift; path = Cider_RemoteApp.swift; sourceTree = "<group>"; };
		FA14E3472C7CA1C200904A49 /* Cider Remote.app */ = {isa = PBXFileReference; explicitFileType = wrapper.application; includeInIndex = 0; path = "Cider Remote.app"; sourceTree = BUILT_PRODUCTS_DIR; };
		FA14E3572C7CA1C300904A49 /* Cider RemoteTests.xctest */ = {isa = PBXFileReference; explicitFileType = wrapper.cfbundle; includeInIndex = 0; path = "Cider RemoteTests.xctest"; sourceTree = BUILT_PRODUCTS_DIR; };
		FA14E3612C7CA1C300904A49 /* Cider RemoteUITests.xctest */ = {isa = PBXFileReference; explicitFileType = wrapper.cfbundle; includeInIndex = 0; path = "Cider RemoteUITests.xctest"; sourceTree = BUILT_PRODUCTS_DIR; };
/* End PBXFileReference section */

/* Begin PBXFileSystemSynchronizedBuildFileExceptionSet section */
		B9E7DA032D0125E800840996 /* Exceptions for "NowPlaying" folder in "Cider Remote" target */ = {
			isa = PBXFileSystemSynchronizedBuildFileExceptionSet;
			membershipExceptions = (
				NowPlayingLiveActivity.swift,
			);
			target = FA14E3462C7CA1C200904A49 /* Cider Remote */;
		};
		B9E7DA042D0125E800840996 /* Exceptions for "NowPlaying" folder in "NowPlayingExtension" target */ = {
			isa = PBXFileSystemSynchronizedBuildFileExceptionSet;
			membershipExceptions = (
				Info.plist,
			);
			target = B9CDA8392CC686AA00FBF580 /* NowPlayingExtension */;
		};
/* End PBXFileSystemSynchronizedBuildFileExceptionSet section */

/* Begin PBXFileSystemSynchronizedRootGroup section */
		B99015492D46931300D4CE93 /* Preview Content */ = {
			isa = PBXFileSystemSynchronizedRootGroup;
			path = "Preview Content";
			sourceTree = "<group>";
		};
		B9E7D9FC2D0125E800840996 /* NowPlaying */ = {
			isa = PBXFileSystemSynchronizedRootGroup;
			exceptions = (
				B9E7DA032D0125E800840996 /* Exceptions for "NowPlaying" folder in "Cider Remote" target */,
				B9E7DA042D0125E800840996 /* Exceptions for "NowPlaying" folder in "NowPlayingExtension" target */,
			);
			path = NowPlaying;
			sourceTree = "<group>";
		};
		B9E7DA0A2D0125F100840996 /* Views */ = {
			isa = PBXFileSystemSynchronizedRootGroup;
			path = Views;
			sourceTree = "<group>";
		};
		B9E7DA182D0125F500840996 /* Components */ = {
			isa = PBXFileSystemSynchronizedRootGroup;
			path = Components;
			sourceTree = "<group>";
		};
		B9E7DA2F2D01260000840996 /* Data */ = {
			isa = PBXFileSystemSynchronizedRootGroup;
			path = Data;
			sourceTree = "<group>";
		};
		B9E7DA422D01260A00840996 /* Cider RemoteUITests */ = {
			isa = PBXFileSystemSynchronizedRootGroup;
			path = "Cider RemoteUITests";
			sourceTree = "<group>";
		};
		B9E7DA462D01260E00840996 /* Cider RemoteTests */ = {
			isa = PBXFileSystemSynchronizedRootGroup;
			path = "Cider RemoteTests";
			sourceTree = "<group>";
		};
/* End PBXFileSystemSynchronizedRootGroup section */

/* Begin PBXFrameworksBuildPhase section */
		B9CDA8372CC686AA00FBF580 /* Frameworks */ = {
			isa = PBXFrameworksBuildPhase;
			buildActionMask = 2147483647;
			files = (
				B9CDA83F2CC686AA00FBF580 /* SwiftUI.framework in Frameworks */,
				B9CDA83D2CC686AA00FBF580 /* WidgetKit.framework in Frameworks */,
				B9CDA87B2CC6905C00FBF580 /* SocketIO in Frameworks */,
			);
			runOnlyForDeploymentPostprocessing = 0;
		};
		FA14E3442C7CA1C200904A49 /* Frameworks */ = {
			isa = PBXFrameworksBuildPhase;
			buildActionMask = 2147483647;
			files = (
				B9A455622CC51C19006AEB89 /* SocketIO in Frameworks */,
			);
			runOnlyForDeploymentPostprocessing = 0;
		};
		FA14E3542C7CA1C300904A49 /* Frameworks */ = {
			isa = PBXFrameworksBuildPhase;
			buildActionMask = 2147483647;
			files = (
			);
			runOnlyForDeploymentPostprocessing = 0;
		};
		FA14E35E2C7CA1C300904A49 /* Frameworks */ = {
			isa = PBXFrameworksBuildPhase;
			buildActionMask = 2147483647;
			files = (
			);
			runOnlyForDeploymentPostprocessing = 0;
		};
/* End PBXFrameworksBuildPhase section */

/* Begin PBXGroup section */
		B9CDA83B2CC686AA00FBF580 /* Frameworks */ = {
			isa = PBXGroup;
			children = (
				B9CDA83C2CC686AA00FBF580 /* WidgetKit.framework */,
				B9CDA83E2CC686AA00FBF580 /* SwiftUI.framework */,
			);
			name = Frameworks;
			sourceTree = "<group>";
		};
		B9D2892D2CC51497008543A7 /* Cider Remote */ = {
			isa = PBXGroup;
			children = (
				B99015492D46931300D4CE93 /* Preview Content */,
				B9D289292CC51497008543A7 /* Cider Remote.entitlements */,
				B9D2892A2CC51497008543A7 /* Cider_RemoteApp.swift */,
				B9CDA87C2CC69A7300FBF580 /* AppDelegate.swift */,
				B9E7DA182D0125F500840996 /* Components */,
				B9E7DA0A2D0125F100840996 /* Views */,
				B9E7DA2F2D01260000840996 /* Data */,
				B9D289282CC51497008543A7 /* Assets.xcassets */,
			);
			path = "Cider Remote";
			sourceTree = "<group>";
		};
		FA14E33E2C7CA1C200904A49 = {
			isa = PBXGroup;
			children = (
				B9D2892D2CC51497008543A7 /* Cider Remote */,
				B9E7DA462D01260E00840996 /* Cider RemoteTests */,
				B9E7DA422D01260A00840996 /* Cider RemoteUITests */,
				B9E7D9FC2D0125E800840996 /* NowPlaying */,
				B9CDA83B2CC686AA00FBF580 /* Frameworks */,
				FA14E3482C7CA1C200904A49 /* Products */,
			);
			sourceTree = "<group>";
		};
		FA14E3482C7CA1C200904A49 /* Products */ = {
			isa = PBXGroup;
			children = (
				FA14E3472C7CA1C200904A49 /* Cider Remote.app */,
				FA14E3572C7CA1C300904A49 /* Cider RemoteTests.xctest */,
				FA14E3612C7CA1C300904A49 /* Cider RemoteUITests.xctest */,
				B9CDA83A2CC686AA00FBF580 /* NowPlayingExtension.appex */,
			);
			name = Products;
			sourceTree = "<group>";
		};
/* End PBXGroup section */

/* Begin PBXNativeTarget section */
		B9CDA8392CC686AA00FBF580 /* NowPlayingExtension */ = {
			isa = PBXNativeTarget;
			buildConfigurationList = B9CDA84E2CC686AC00FBF580 /* Build configuration list for PBXNativeTarget "NowPlayingExtension" */;
			buildPhases = (
				B9CDA8362CC686AA00FBF580 /* Sources */,
				B9CDA8372CC686AA00FBF580 /* Frameworks */,
				B9CDA8382CC686AA00FBF580 /* Resources */,
			);
			buildRules = (
			);
			dependencies = (
			);
			fileSystemSynchronizedGroups = (
				B9E7D9FC2D0125E800840996 /* NowPlaying */,
				B9E7DA0A2D0125F100840996 /* Views */,
				B9E7DA182D0125F500840996 /* Components */,
				B9E7DA2F2D01260000840996 /* Data */,
			);
			name = NowPlayingExtension;
			packageProductDependencies = (
				B9CDA87A2CC6905C00FBF580 /* SocketIO */,
			);
			productName = NowPlayingExtension;
			productReference = B9CDA83A2CC686AA00FBF580 /* NowPlayingExtension.appex */;
			productType = "com.apple.product-type.app-extension";
		};
		FA14E3462C7CA1C200904A49 /* Cider Remote */ = {
			isa = PBXNativeTarget;
			buildConfigurationList = FA14E36B2C7CA1C300904A49 /* Build configuration list for PBXNativeTarget "Cider Remote" */;
			buildPhases = (
				FA14E3432C7CA1C200904A49 /* Sources */,
				FA14E3442C7CA1C200904A49 /* Frameworks */,
				FA14E3452C7CA1C200904A49 /* Resources */,
				B9CDA8512CC686AC00FBF580 /* Embed Foundation Extensions */,
				B9E7D9F22D0125B900840996 /* Embed ExtensionKit Extensions */,
			);
			buildRules = (
			);
			dependencies = (
				B9CDA84B2CC686AC00FBF580 /* PBXTargetDependency */,
			);
			fileSystemSynchronizedGroups = (
				B99015492D46931300D4CE93 /* Preview Content */,
				B9E7DA0A2D0125F100840996 /* Views */,
				B9E7DA182D0125F500840996 /* Components */,
				B9E7DA2F2D01260000840996 /* Data */,
			);
			name = "Cider Remote";
			packageProductDependencies = (
				B9A455612CC51C19006AEB89 /* SocketIO */,
			);
			productName = "Cider Remote";
			productReference = FA14E3472C7CA1C200904A49 /* Cider Remote.app */;
			productType = "com.apple.product-type.application";
		};
		FA14E3562C7CA1C300904A49 /* Cider RemoteTests */ = {
			isa = PBXNativeTarget;
			buildConfigurationList = FA14E36E2C7CA1C300904A49 /* Build configuration list for PBXNativeTarget "Cider RemoteTests" */;
			buildPhases = (
				FA14E3532C7CA1C300904A49 /* Sources */,
				FA14E3542C7CA1C300904A49 /* Frameworks */,
				FA14E3552C7CA1C300904A49 /* Resources */,
			);
			buildRules = (
			);
			dependencies = (
				FA14E3592C7CA1C300904A49 /* PBXTargetDependency */,
			);
			fileSystemSynchronizedGroups = (
				B9E7DA462D01260E00840996 /* Cider RemoteTests */,
			);
			name = "Cider RemoteTests";
			packageProductDependencies = (
			);
			productName = "Cider RemoteTests";
			productReference = FA14E3572C7CA1C300904A49 /* Cider RemoteTests.xctest */;
			productType = "com.apple.product-type.bundle.unit-test";
		};
		FA14E3602C7CA1C300904A49 /* Cider RemoteUITests */ = {
			isa = PBXNativeTarget;
			buildConfigurationList = FA14E3712C7CA1C300904A49 /* Build configuration list for PBXNativeTarget "Cider RemoteUITests" */;
			buildPhases = (
				FA14E35D2C7CA1C300904A49 /* Sources */,
				FA14E35E2C7CA1C300904A49 /* Frameworks */,
				FA14E35F2C7CA1C300904A49 /* Resources */,
			);
			buildRules = (
			);
			dependencies = (
				FA14E3632C7CA1C300904A49 /* PBXTargetDependency */,
			);
			fileSystemSynchronizedGroups = (
				B9E7DA422D01260A00840996 /* Cider RemoteUITests */,
			);
			name = "Cider RemoteUITests";
			packageProductDependencies = (
			);
			productName = "Cider RemoteUITests";
			productReference = FA14E3612C7CA1C300904A49 /* Cider RemoteUITests.xctest */;
			productType = "com.apple.product-type.bundle.ui-testing";
		};
/* End PBXNativeTarget section */

/* Begin PBXProject section */
		FA14E33F2C7CA1C200904A49 /* Project object */ = {
			isa = PBXProject;
			attributes = {
				BuildIndependentTargetsInParallel = 1;
				LastSwiftUpdateCheck = 1610;
				LastUpgradeCheck = 1600;
				TargetAttributes = {
					B9CDA8392CC686AA00FBF580 = {
						CreatedOnToolsVersion = 16.0;
					};
					FA14E3462C7CA1C200904A49 = {
						CreatedOnToolsVersion = 16.0;
					};
					FA14E3562C7CA1C300904A49 = {
						CreatedOnToolsVersion = 16.0;
						TestTargetID = FA14E3462C7CA1C200904A49;
					};
					FA14E3602C7CA1C300904A49 = {
						CreatedOnToolsVersion = 16.0;
						TestTargetID = FA14E3462C7CA1C200904A49;
					};
				};
			};
			buildConfigurationList = FA14E3422C7CA1C200904A49 /* Build configuration list for PBXProject "Cider Remote" */;
			developmentRegion = en;
			hasScannedForEncodings = 0;
			knownRegions = (
				en,
				Base,
			);
			mainGroup = FA14E33E2C7CA1C200904A49;
			minimizedProjectReferenceProxies = 1;
			packageReferences = (
				B9FC584E2CC51B110063D6D8 /* XCRemoteSwiftPackageReference "Starscream" */,
				B9A455602CC51C19006AEB89 /* XCRemoteSwiftPackageReference "socket" */,
			);
			preferredProjectObjectVersion = 77;
			productRefGroup = FA14E3482C7CA1C200904A49 /* Products */;
			projectDirPath = "";
			projectRoot = "";
			targets = (
				FA14E3462C7CA1C200904A49 /* Cider Remote */,
				FA14E3562C7CA1C300904A49 /* Cider RemoteTests */,
				FA14E3602C7CA1C300904A49 /* Cider RemoteUITests */,
				B9CDA8392CC686AA00FBF580 /* NowPlayingExtension */,
			);
		};
/* End PBXProject section */

/* Begin PBXResourcesBuildPhase section */
		B9CDA8382CC686AA00FBF580 /* Resources */ = {
			isa = PBXResourcesBuildPhase;
			buildActionMask = 2147483647;
			files = (
			);
			runOnlyForDeploymentPostprocessing = 0;
		};
		FA14E3452C7CA1C200904A49 /* Resources */ = {
			isa = PBXResourcesBuildPhase;
			buildActionMask = 2147483647;
			files = (
				B9D289322CC51497008543A7 /* Assets.xcassets in Resources */,
			);
			runOnlyForDeploymentPostprocessing = 0;
		};
		FA14E3552C7CA1C300904A49 /* Resources */ = {
			isa = PBXResourcesBuildPhase;
			buildActionMask = 2147483647;
			files = (
			);
			runOnlyForDeploymentPostprocessing = 0;
		};
		FA14E35F2C7CA1C300904A49 /* Resources */ = {
			isa = PBXResourcesBuildPhase;
			buildActionMask = 2147483647;
			files = (
			);
			runOnlyForDeploymentPostprocessing = 0;
		};
/* End PBXResourcesBuildPhase section */

/* Begin PBXSourcesBuildPhase section */
		B9CDA8362CC686AA00FBF580 /* Sources */ = {
			isa = PBXSourcesBuildPhase;
			buildActionMask = 2147483647;
			files = (
			);
			runOnlyForDeploymentPostprocessing = 0;
		};
		FA14E3432C7CA1C200904A49 /* Sources */ = {
			isa = PBXSourcesBuildPhase;
			buildActionMask = 2147483647;
			files = (
				B9D2892E2CC51497008543A7 /* Cider_RemoteApp.swift in Sources */,
				B9CDA87D2CC69A7300FBF580 /* AppDelegate.swift in Sources */,
			);
			runOnlyForDeploymentPostprocessing = 0;
		};
		FA14E3532C7CA1C300904A49 /* Sources */ = {
			isa = PBXSourcesBuildPhase;
			buildActionMask = 2147483647;
			files = (
			);
			runOnlyForDeploymentPostprocessing = 0;
		};
		FA14E35D2C7CA1C300904A49 /* Sources */ = {
			isa = PBXSourcesBuildPhase;
			buildActionMask = 2147483647;
			files = (
			);
			runOnlyForDeploymentPostprocessing = 0;
		};
/* End PBXSourcesBuildPhase section */

/* Begin PBXTargetDependency section */
		B9CDA84B2CC686AC00FBF580 /* PBXTargetDependency */ = {
			isa = PBXTargetDependency;
			target = B9CDA8392CC686AA00FBF580 /* NowPlayingExtension */;
			targetProxy = B9CDA84A2CC686AC00FBF580 /* PBXContainerItemProxy */;
		};
		FA14E3592C7CA1C300904A49 /* PBXTargetDependency */ = {
			isa = PBXTargetDependency;
			target = FA14E3462C7CA1C200904A49 /* Cider Remote */;
			targetProxy = FA14E3582C7CA1C300904A49 /* PBXContainerItemProxy */;
		};
		FA14E3632C7CA1C300904A49 /* PBXTargetDependency */ = {
			isa = PBXTargetDependency;
			target = FA14E3462C7CA1C200904A49 /* Cider Remote */;
			targetProxy = FA14E3622C7CA1C300904A49 /* PBXContainerItemProxy */;
		};
/* End PBXTargetDependency section */

/* Begin XCBuildConfiguration section */
		B9CDA84F2CC686AC00FBF580 /* Debug */ = {
			isa = XCBuildConfiguration;
			buildSettings = {
				ASSETCATALOG_COMPILER_GLOBAL_ACCENT_COLOR_NAME = AccentColor;
				ASSETCATALOG_COMPILER_WIDGET_BACKGROUND_COLOR_NAME = WidgetBackground;
				CODE_SIGN_STYLE = Automatic;
				CURRENT_PROJECT_VERSION = 1;
				DEVELOPMENT_TEAM = HB5P3BML86;
				GENERATE_INFOPLIST_FILE = YES;
				INFOPLIST_FILE = NowPlaying/Info.plist;
				INFOPLIST_KEY_CFBundleDisplayName = NowPlaying;
				INFOPLIST_KEY_NSHumanReadableCopyright = "";
				INFOPLIST_KEY_NSSupportsLiveActivities = YES;
				IPHONEOS_DEPLOYMENT_TARGET = 16.2;
				LD_RUNPATH_SEARCH_PATHS = (
					"$(inherited)",
					"@executable_path/Frameworks",
					"@executable_path/../../Frameworks",
				);
				MARKETING_VERSION = 1.0;
				PRODUCT_BUNDLE_IDENTIFIER = "sh.cidercollective.Cider-Remote.NowPlaying";
				PRODUCT_NAME = "$(TARGET_NAME)";
				SKIP_INSTALL = YES;
				SWIFT_EMIT_LOC_STRINGS = YES;
				SWIFT_VERSION = 5.0;
				TARGETED_DEVICE_FAMILY = "1,2";
			};
			name = Debug;
		};
		B9CDA8502CC686AC00FBF580 /* Release */ = {
			isa = XCBuildConfiguration;
			buildSettings = {
				ASSETCATALOG_COMPILER_GLOBAL_ACCENT_COLOR_NAME = AccentColor;
				ASSETCATALOG_COMPILER_WIDGET_BACKGROUND_COLOR_NAME = WidgetBackground;
				CODE_SIGN_STYLE = Automatic;
				CURRENT_PROJECT_VERSION = 1;
				DEVELOPMENT_TEAM = HB5P3BML86;
				GENERATE_INFOPLIST_FILE = YES;
				INFOPLIST_FILE = NowPlaying/Info.plist;
				INFOPLIST_KEY_CFBundleDisplayName = NowPlaying;
				INFOPLIST_KEY_NSHumanReadableCopyright = "";
				INFOPLIST_KEY_NSSupportsLiveActivities = YES;
				IPHONEOS_DEPLOYMENT_TARGET = 16.2;
				LD_RUNPATH_SEARCH_PATHS = (
					"$(inherited)",
					"@executable_path/Frameworks",
					"@executable_path/../../Frameworks",
				);
				MARKETING_VERSION = 1.0;
				PRODUCT_BUNDLE_IDENTIFIER = "sh.cidercollective.Cider-Remote.NowPlaying";
				PRODUCT_NAME = "$(TARGET_NAME)";
				SKIP_INSTALL = YES;
				SWIFT_EMIT_LOC_STRINGS = YES;
				SWIFT_VERSION = 5.0;
				TARGETED_DEVICE_FAMILY = "1,2";
			};
			name = Release;
		};
		FA14E3692C7CA1C300904A49 /* Debug */ = {
			isa = XCBuildConfiguration;
			buildSettings = {
				ALWAYS_SEARCH_USER_PATHS = NO;
				ASSETCATALOG_COMPILER_GENERATE_SWIFT_ASSET_SYMBOL_EXTENSIONS = YES;
				CLANG_ANALYZER_NONNULL = YES;
				CLANG_ANALYZER_NUMBER_OBJECT_CONVERSION = YES_AGGRESSIVE;
				CLANG_CXX_LANGUAGE_STANDARD = "gnu++20";
				CLANG_ENABLE_MODULES = YES;
				CLANG_ENABLE_OBJC_ARC = YES;
				CLANG_ENABLE_OBJC_WEAK = YES;
				CLANG_WARN_BLOCK_CAPTURE_AUTORELEASING = YES;
				CLANG_WARN_BOOL_CONVERSION = YES;
				CLANG_WARN_COMMA = YES;
				CLANG_WARN_CONSTANT_CONVERSION = YES;
				CLANG_WARN_DEPRECATED_OBJC_IMPLEMENTATIONS = YES;
				CLANG_WARN_DIRECT_OBJC_ISA_USAGE = YES_ERROR;
				CLANG_WARN_DOCUMENTATION_COMMENTS = YES;
				CLANG_WARN_EMPTY_BODY = YES;
				CLANG_WARN_ENUM_CONVERSION = YES;
				CLANG_WARN_INFINITE_RECURSION = YES;
				CLANG_WARN_INT_CONVERSION = YES;
				CLANG_WARN_NON_LITERAL_NULL_CONVERSION = YES;
				CLANG_WARN_OBJC_IMPLICIT_RETAIN_SELF = YES;
				CLANG_WARN_OBJC_LITERAL_CONVERSION = YES;
				CLANG_WARN_OBJC_ROOT_CLASS = YES_ERROR;
				CLANG_WARN_QUOTED_INCLUDE_IN_FRAMEWORK_HEADER = YES;
				CLANG_WARN_RANGE_LOOP_ANALYSIS = YES;
				CLANG_WARN_STRICT_PROTOTYPES = YES;
				CLANG_WARN_SUSPICIOUS_MOVE = YES;
				CLANG_WARN_UNGUARDED_AVAILABILITY = YES_AGGRESSIVE;
				CLANG_WARN_UNREACHABLE_CODE = YES;
				CLANG_WARN__DUPLICATE_METHOD_MATCH = YES;
				COPY_PHASE_STRIP = NO;
				DEBUG_INFORMATION_FORMAT = dwarf;
				ENABLE_STRICT_OBJC_MSGSEND = YES;
				ENABLE_TESTABILITY = YES;
				ENABLE_USER_SCRIPT_SANDBOXING = YES;
				GCC_C_LANGUAGE_STANDARD = gnu17;
				GCC_DYNAMIC_NO_PIC = NO;
				GCC_NO_COMMON_BLOCKS = YES;
				GCC_OPTIMIZATION_LEVEL = 0;
				GCC_PREPROCESSOR_DEFINITIONS = (
					"DEBUG=1",
					"$(inherited)",
				);
				GCC_WARN_64_TO_32_BIT_CONVERSION = YES;
				GCC_WARN_ABOUT_RETURN_TYPE = YES_ERROR;
				GCC_WARN_UNDECLARED_SELECTOR = YES;
				GCC_WARN_UNINITIALIZED_AUTOS = YES_AGGRESSIVE;
				GCC_WARN_UNUSED_FUNCTION = YES;
				GCC_WARN_UNUSED_VARIABLE = YES;
				IPHONEOS_DEPLOYMENT_TARGET = 18.0;
				LOCALIZATION_PREFERS_STRING_CATALOGS = YES;
				MTL_ENABLE_DEBUG_INFO = INCLUDE_SOURCE;
				MTL_FAST_MATH = YES;
				ONLY_ACTIVE_ARCH = YES;
				SDKROOT = iphoneos;
				SWIFT_ACTIVE_COMPILATION_CONDITIONS = "DEBUG $(inherited)";
				SWIFT_OPTIMIZATION_LEVEL = "-Onone";
			};
			name = Debug;
		};
		FA14E36A2C7CA1C300904A49 /* Release */ = {
			isa = XCBuildConfiguration;
			buildSettings = {
				ALWAYS_SEARCH_USER_PATHS = NO;
				ASSETCATALOG_COMPILER_GENERATE_SWIFT_ASSET_SYMBOL_EXTENSIONS = YES;
				CLANG_ANALYZER_NONNULL = YES;
				CLANG_ANALYZER_NUMBER_OBJECT_CONVERSION = YES_AGGRESSIVE;
				CLANG_CXX_LANGUAGE_STANDARD = "gnu++20";
				CLANG_ENABLE_MODULES = YES;
				CLANG_ENABLE_OBJC_ARC = YES;
				CLANG_ENABLE_OBJC_WEAK = YES;
				CLANG_WARN_BLOCK_CAPTURE_AUTORELEASING = YES;
				CLANG_WARN_BOOL_CONVERSION = YES;
				CLANG_WARN_COMMA = YES;
				CLANG_WARN_CONSTANT_CONVERSION = YES;
				CLANG_WARN_DEPRECATED_OBJC_IMPLEMENTATIONS = YES;
				CLANG_WARN_DIRECT_OBJC_ISA_USAGE = YES_ERROR;
				CLANG_WARN_DOCUMENTATION_COMMENTS = YES;
				CLANG_WARN_EMPTY_BODY = YES;
				CLANG_WARN_ENUM_CONVERSION = YES;
				CLANG_WARN_INFINITE_RECURSION = YES;
				CLANG_WARN_INT_CONVERSION = YES;
				CLANG_WARN_NON_LITERAL_NULL_CONVERSION = YES;
				CLANG_WARN_OBJC_IMPLICIT_RETAIN_SELF = YES;
				CLANG_WARN_OBJC_LITERAL_CONVERSION = YES;
				CLANG_WARN_OBJC_ROOT_CLASS = YES_ERROR;
				CLANG_WARN_QUOTED_INCLUDE_IN_FRAMEWORK_HEADER = YES;
				CLANG_WARN_RANGE_LOOP_ANALYSIS = YES;
				CLANG_WARN_STRICT_PROTOTYPES = YES;
				CLANG_WARN_SUSPICIOUS_MOVE = YES;
				CLANG_WARN_UNGUARDED_AVAILABILITY = YES_AGGRESSIVE;
				CLANG_WARN_UNREACHABLE_CODE = YES;
				CLANG_WARN__DUPLICATE_METHOD_MATCH = YES;
				COPY_PHASE_STRIP = NO;
				DEBUG_INFORMATION_FORMAT = "dwarf-with-dsym";
				ENABLE_NS_ASSERTIONS = NO;
				ENABLE_STRICT_OBJC_MSGSEND = YES;
				ENABLE_USER_SCRIPT_SANDBOXING = YES;
				GCC_C_LANGUAGE_STANDARD = gnu17;
				GCC_NO_COMMON_BLOCKS = YES;
				GCC_WARN_64_TO_32_BIT_CONVERSION = YES;
				GCC_WARN_ABOUT_RETURN_TYPE = YES_ERROR;
				GCC_WARN_UNDECLARED_SELECTOR = YES;
				GCC_WARN_UNINITIALIZED_AUTOS = YES_AGGRESSIVE;
				GCC_WARN_UNUSED_FUNCTION = YES;
				GCC_WARN_UNUSED_VARIABLE = YES;
				IPHONEOS_DEPLOYMENT_TARGET = 18.0;
				LOCALIZATION_PREFERS_STRING_CATALOGS = YES;
				MTL_ENABLE_DEBUG_INFO = NO;
				MTL_FAST_MATH = YES;
				SDKROOT = iphoneos;
				SWIFT_COMPILATION_MODE = wholemodule;
				VALIDATE_PRODUCT = YES;
			};
			name = Release;
		};
		FA14E36C2C7CA1C300904A49 /* Debug */ = {
			isa = XCBuildConfiguration;
			buildSettings = {
				ASSETCATALOG_COMPILER_APPICON_NAME = AppIcon;
				ASSETCATALOG_COMPILER_GLOBAL_ACCENT_COLOR_NAME = AccentColor;
				CODE_SIGN_ENTITLEMENTS = "Cider Remote/Cider Remote.entitlements";
				CODE_SIGN_STYLE = Automatic;
				CURRENT_PROJECT_VERSION = 1;
				DEVELOPMENT_ASSET_PATHS = "\"Cider Remote/Preview Content\"";
				DEVELOPMENT_TEAM = HB5P3BML86;
				ENABLE_PREVIEWS = YES;
				GENERATE_INFOPLIST_FILE = YES;
				INFOPLIST_FILE = "Cider-Remote-Info.plist";
				INFOPLIST_KEY_LSApplicationCategoryType = "public.app-category.utilities";
				INFOPLIST_KEY_NSCameraUsageDescription = "We need to access your camera to scan QR codes.";
				INFOPLIST_KEY_NSLocalNetworkUsageDescription = "We need to access your local network to access Cider clients.";
				INFOPLIST_KEY_NSSupportsLiveActivities = YES;
				INFOPLIST_KEY_UIApplicationSceneManifest_Generation = YES;
				INFOPLIST_KEY_UIApplicationSupportsIndirectInputEvents = YES;
				INFOPLIST_KEY_UILaunchScreen_Generation = YES;
				INFOPLIST_KEY_UIRequiresFullScreen = YES;
				INFOPLIST_KEY_UISupportedInterfaceOrientations = UIInterfaceOrientationPortrait;
				IPHONEOS_DEPLOYMENT_TARGET = 16.1;
				LD_RUNPATH_SEARCH_PATHS = (
					"$(inherited)",
					"@executable_path/Frameworks",
				);
				MARKETING_VERSION = 1.0;
				PRODUCT_BUNDLE_IDENTIFIER = "sh.cidercollective.Cider-Remote";
				PRODUCT_NAME = "$(TARGET_NAME)";
				SUPPORTED_PLATFORMS = "iphoneos iphonesimulator";
				SUPPORTS_MACCATALYST = NO;
				SUPPORTS_MAC_DESIGNED_FOR_IPHONE_IPAD = NO;
				SUPPORTS_XR_DESIGNED_FOR_IPHONE_IPAD = NO;
				SWIFT_EMIT_LOC_STRINGS = YES;
				SWIFT_VERSION = 5.0;
				TARGETED_DEVICE_FAMILY = "1,2";
			};
			name = Debug;
		};
		FA14E36D2C7CA1C300904A49 /* Release */ = {
			isa = XCBuildConfiguration;
			buildSettings = {
				ASSETCATALOG_COMPILER_APPICON_NAME = AppIcon;
				ASSETCATALOG_COMPILER_GLOBAL_ACCENT_COLOR_NAME = AccentColor;
				CODE_SIGN_ENTITLEMENTS = "Cider Remote/Cider Remote.entitlements";
				CODE_SIGN_STYLE = Automatic;
				CURRENT_PROJECT_VERSION = 1;
				DEVELOPMENT_ASSET_PATHS = "\"Cider Remote/Preview Content\"";
				DEVELOPMENT_TEAM = HB5P3BML86;
				ENABLE_PREVIEWS = YES;
				GENERATE_INFOPLIST_FILE = YES;
				INFOPLIST_FILE = "Cider-Remote-Info.plist";
				INFOPLIST_KEY_LSApplicationCategoryType = "public.app-category.utilities";
				INFOPLIST_KEY_NSCameraUsageDescription = "We need to access your camera to scan QR codes.";
				INFOPLIST_KEY_NSLocalNetworkUsageDescription = "We need to access your local network to access Cider clients.";
				INFOPLIST_KEY_NSSupportsLiveActivities = YES;
				INFOPLIST_KEY_UIApplicationSceneManifest_Generation = YES;
				INFOPLIST_KEY_UIApplicationSupportsIndirectInputEvents = YES;
				INFOPLIST_KEY_UILaunchScreen_Generation = YES;
				INFOPLIST_KEY_UIRequiresFullScreen = YES;
				INFOPLIST_KEY_UISupportedInterfaceOrientations = UIInterfaceOrientationPortrait;
				IPHONEOS_DEPLOYMENT_TARGET = 16.1;
				LD_RUNPATH_SEARCH_PATHS = (
					"$(inherited)",
					"@executable_path/Frameworks",
				);
				MARKETING_VERSION = 1.0;
				PRODUCT_BUNDLE_IDENTIFIER = "sh.cidercollective.Cider-Remote";
				PRODUCT_NAME = "$(TARGET_NAME)";
				SUPPORTED_PLATFORMS = "iphoneos iphonesimulator";
				SUPPORTS_MACCATALYST = NO;
				SUPPORTS_MAC_DESIGNED_FOR_IPHONE_IPAD = NO;
				SUPPORTS_XR_DESIGNED_FOR_IPHONE_IPAD = NO;
				SWIFT_EMIT_LOC_STRINGS = YES;
				SWIFT_VERSION = 5.0;
				TARGETED_DEVICE_FAMILY = "1,2";
			};
			name = Release;
		};
		FA14E36F2C7CA1C300904A49 /* Debug */ = {
			isa = XCBuildConfiguration;
			buildSettings = {
				BUNDLE_LOADER = "$(TEST_HOST)";
				CODE_SIGN_STYLE = Automatic;
				CURRENT_PROJECT_VERSION = 1;
				DEVELOPMENT_TEAM = 8R23J2835D;
				GENERATE_INFOPLIST_FILE = YES;
				IPHONEOS_DEPLOYMENT_TARGET = 18.0;
				MARKETING_VERSION = 1.0;
				PRODUCT_BUNDLE_IDENTIFIER = "sh.cidercollective.Cider-RemoteTests";
				PRODUCT_NAME = "$(TARGET_NAME)";
				SWIFT_EMIT_LOC_STRINGS = NO;
				SWIFT_VERSION = 5.0;
				TARGETED_DEVICE_FAMILY = "1,2";
				TEST_HOST = "$(BUILT_PRODUCTS_DIR)/Cider Remote.app/$(BUNDLE_EXECUTABLE_FOLDER_PATH)/Cider Remote";
			};
			name = Debug;
		};
		FA14E3702C7CA1C300904A49 /* Release */ = {
			isa = XCBuildConfiguration;
			buildSettings = {
				BUNDLE_LOADER = "$(TEST_HOST)";
				CODE_SIGN_STYLE = Automatic;
				CURRENT_PROJECT_VERSION = 1;
				DEVELOPMENT_TEAM = 8R23J2835D;
				GENERATE_INFOPLIST_FILE = YES;
				IPHONEOS_DEPLOYMENT_TARGET = 18.0;
				MARKETING_VERSION = 1.0;
				PRODUCT_BUNDLE_IDENTIFIER = "sh.cidercollective.Cider-RemoteTests";
				PRODUCT_NAME = "$(TARGET_NAME)";
				SWIFT_EMIT_LOC_STRINGS = NO;
				SWIFT_VERSION = 5.0;
				TARGETED_DEVICE_FAMILY = "1,2";
				TEST_HOST = "$(BUILT_PRODUCTS_DIR)/Cider Remote.app/$(BUNDLE_EXECUTABLE_FOLDER_PATH)/Cider Remote";
			};
			name = Release;
		};
		FA14E3722C7CA1C300904A49 /* Debug */ = {
			isa = XCBuildConfiguration;
			buildSettings = {
				CODE_SIGN_STYLE = Automatic;
				CURRENT_PROJECT_VERSION = 1;
				DEVELOPMENT_TEAM = 8R23J2835D;
				GENERATE_INFOPLIST_FILE = YES;
				MARKETING_VERSION = 1.0;
				PRODUCT_BUNDLE_IDENTIFIER = "sh.cidercollective.Cider-RemoteUITests";
				PRODUCT_NAME = "$(TARGET_NAME)";
				SWIFT_EMIT_LOC_STRINGS = NO;
				SWIFT_VERSION = 5.0;
				TARGETED_DEVICE_FAMILY = "1,2";
				TEST_TARGET_NAME = "Cider Remote";
			};
			name = Debug;
		};
		FA14E3732C7CA1C300904A49 /* Release */ = {
			isa = XCBuildConfiguration;
			buildSettings = {
				CODE_SIGN_STYLE = Automatic;
				CURRENT_PROJECT_VERSION = 1;
				DEVELOPMENT_TEAM = 8R23J2835D;
				GENERATE_INFOPLIST_FILE = YES;
				MARKETING_VERSION = 1.0;
				PRODUCT_BUNDLE_IDENTIFIER = "sh.cidercollective.Cider-RemoteUITests";
				PRODUCT_NAME = "$(TARGET_NAME)";
				SWIFT_EMIT_LOC_STRINGS = NO;
				SWIFT_VERSION = 5.0;
				TARGETED_DEVICE_FAMILY = "1,2";
				TEST_TARGET_NAME = "Cider Remote";
			};
			name = Release;
		};
/* End XCBuildConfiguration section */

/* Begin XCConfigurationList section */
		B9CDA84E2CC686AC00FBF580 /* Build configuration list for PBXNativeTarget "NowPlayingExtension" */ = {
			isa = XCConfigurationList;
			buildConfigurations = (
				B9CDA84F2CC686AC00FBF580 /* Debug */,
				B9CDA8502CC686AC00FBF580 /* Release */,
			);
			defaultConfigurationIsVisible = 0;
			defaultConfigurationName = Release;
		};
		FA14E3422C7CA1C200904A49 /* Build configuration list for PBXProject "Cider Remote" */ = {
			isa = XCConfigurationList;
			buildConfigurations = (
				FA14E3692C7CA1C300904A49 /* Debug */,
				FA14E36A2C7CA1C300904A49 /* Release */,
			);
			defaultConfigurationIsVisible = 0;
			defaultConfigurationName = Release;
		};
		FA14E36B2C7CA1C300904A49 /* Build configuration list for PBXNativeTarget "Cider Remote" */ = {
			isa = XCConfigurationList;
			buildConfigurations = (
				FA14E36C2C7CA1C300904A49 /* Debug */,
				FA14E36D2C7CA1C300904A49 /* Release */,
			);
			defaultConfigurationIsVisible = 0;
			defaultConfigurationName = Release;
		};
		FA14E36E2C7CA1C300904A49 /* Build configuration list for PBXNativeTarget "Cider RemoteTests" */ = {
			isa = XCConfigurationList;
			buildConfigurations = (
				FA14E36F2C7CA1C300904A49 /* Debug */,
				FA14E3702C7CA1C300904A49 /* Release */,
			);
			defaultConfigurationIsVisible = 0;
			defaultConfigurationName = Release;
		};
		FA14E3712C7CA1C300904A49 /* Build configuration list for PBXNativeTarget "Cider RemoteUITests" */ = {
			isa = XCConfigurationList;
			buildConfigurations = (
				FA14E3722C7CA1C300904A49 /* Debug */,
				FA14E3732C7CA1C300904A49 /* Release */,
			);
			defaultConfigurationIsVisible = 0;
			defaultConfigurationName = Release;
		};
/* End XCConfigurationList section */

/* Begin XCRemoteSwiftPackageReference section */
		B9A455602CC51C19006AEB89 /* XCRemoteSwiftPackageReference "socket" */ = {
			isa = XCRemoteSwiftPackageReference;
			repositoryURL = "https://github.com/socketio/socket.io-client-swift";
			requirement = {
				branch = master;
				kind = branch;
			};
		};
		B9FC584E2CC51B110063D6D8 /* XCRemoteSwiftPackageReference "Starscream" */ = {
			isa = XCRemoteSwiftPackageReference;
			repositoryURL = "https://github.com/daltoniam/Starscream";
			requirement = {
				kind = upToNextMajorVersion;
				minimumVersion = 4.0.8;
			};
		};
/* End XCRemoteSwiftPackageReference section */

/* Begin XCSwiftPackageProductDependency section */
		B9A455612CC51C19006AEB89 /* SocketIO */ = {
			isa = XCSwiftPackageProductDependency;
			package = B9A455602CC51C19006AEB89 /* XCRemoteSwiftPackageReference "socket" */;
			productName = SocketIO;
		};
		B9CDA87A2CC6905C00FBF580 /* SocketIO */ = {
			isa = XCSwiftPackageProductDependency;
			package = B9A455602CC51C19006AEB89 /* XCRemoteSwiftPackageReference "socket" */;
			productName = SocketIO;
		};
/* End XCSwiftPackageProductDependency section */
	};
	rootObject = FA14E33F2C7CA1C200904A49 /* Project object */;
}
